
Microsoft Visual Studio Solution File, Format Version 12.00
# Visual Studio 15
VisualStudioVersion = 15.0.28010.2036
MinimumVisualStudioVersion = 10.0.40219.1
Project("{FAE04EC0-301F-11D3-BF4B-00C04F79EFBC}") = "MegaDesk-3-TaylorBailey", "MegaDesk-3-TaylorBailey\MegaDesk-3-TaylorBailey.csproj", "{3E231029-B872-4C23-A22F-507C899E6DA3}"
EndProject
Global
	GlobalSection(SolutionConfigurationPlatforms) = preSolution
		Debug|Any CPU = Debug|Any CPU
		Release|Any CPU = Release|Any CPU
	EndGlobalSection
	GlobalSection(ProjectConfigurationPlatforms) = postSolution
		{3E231029-B872-4C23-A22F-507C899E6DA3}.Debug|Any CPU.ActiveCfg = Debug|Any CPU
		{3E231029-B872-4C23-A22F-507C899E6DA3}.Debug|Any CPU.Build.0 = Debug|Any CPU
		{3E231029-B872-4C23-A22F-507C899E6DA3}.Release|Any CPU.ActiveCfg = Release|Any CPU
		{3E231029-B872-4C23-A22F-507C899E6DA3}.Release|Any CPU.Build.0 = Release|Any CPU
	EndGlobalSection
	GlobalSection(SolutionProperties) = preSolution
		HideSolutionNode = FALSE
	EndGlobalSection
	GlobalSection(ExtensibilityGlobals) = postSolution
		SolutionGuid = {D4260336-1216-4333-8D4E-8E4F06A667C4}
	EndGlobalSection
EndGlobal
