
Microsoft Visual Studio Solution File, Format Version 12.00
# Visual Studio 15
VisualStudioVersion = 15.0.28010.2048
MinimumVisualStudioVersion = 10.0.40219.1
Project("{FAE04EC0-301F-11D3-BF4B-00C04F79EFBC}") = "LDSMovie", "LDSMovie\LDSMovie.csproj", "{0CF557BD-1E70-44D6-981A-A106995DF1CD}"
EndProject
Global
	GlobalSection(SolutionConfigurationPlatforms) = preSolution
		Debug|Any CPU = Debug|Any CPU
		Release|Any CPU = Release|Any CPU
	EndGlobalSection
	GlobalSection(ProjectConfigurationPlatforms) = postSolution
		{0CF557BD-1E70-44D6-981A-A106995DF1CD}.Debug|Any CPU.ActiveCfg = Debug|Any CPU
		{0CF557BD-1E70-44D6-981A-A106995DF1CD}.Debug|Any CPU.Build.0 = Debug|Any CPU
		{0CF557BD-1E70-44D6-981A-A106995DF1CD}.Release|Any CPU.ActiveCfg = Release|Any CPU
		{0CF557BD-1E70-44D6-981A-A106995DF1CD}.Release|Any CPU.Build.0 = Release|Any CPU
	EndGlobalSection
	GlobalSection(SolutionProperties) = preSolution
		HideSolutionNode = FALSE
	EndGlobalSection
	GlobalSection(ExtensibilityGlobals) = postSolution
		SolutionGuid = {2580CD8F-33D9-450E-9D02-8ABC14A4C36A}
	EndGlobalSection
EndGlobal
